
Microsoft Visual Studio Solution File, Format Version 12.00
# Visual Studio Version 17
VisualStudioVersion = 17.11.35303.130
MinimumVisualStudioVersion = 10.0.40219.1
Project("{FAE04EC0-301F-11D3-BF4B-00C04F79EFBC}") = "LW3", "LW3.csproj", "{80BBD084-7808-49D2-9F15-C401A25C9794}"
EndProject
Global
	GlobalSection(SolutionConfigurationPlatforms) = preSolution
		Debug|Any CPU = Debug|Any CPU
		Release|Any CPU = Release|Any CPU
	EndGlobalSection
	GlobalSection(ProjectConfigurationPlatforms) = postSolution
		{80BBD084-7808-49D2-9F15-C401A25C9794}.Debug|Any CPU.ActiveCfg = Debug|Any CPU
		{80BBD084-7808-49D2-9F15-C401A25C9794}.Debug|Any CPU.Build.0 = Debug|Any CPU
		{80BBD084-7808-49D2-9F15-C401A25C9794}.Release|Any CPU.ActiveCfg = Release|Any CPU
		{80BBD084-7808-49D2-9F15-C401A25C9794}.Release|Any CPU.Build.0 = Release|Any CPU
	EndGlobalSection
	GlobalSection(SolutionProperties) = preSolution
		HideSolutionNode = FALSE
	EndGlobalSection
	GlobalSection(ExtensibilityGlobals) = postSolution
		SolutionGuid = {1D1CCA5B-FA2E-4884-AA71-54CBA5AED3AA}
	EndGlobalSection
EndGlobal
